// !$*UTF8*$!
{
	archiveVersion = 1;
	classes = {
	};
	objectVersion = 46;
	objects = {

/* Begin PBXBuildFile section */
		8E946A291DE4CB430064936B /* main.m in Sources */ = {isa = PBXBuildFile; fileRef = 8E946A281DE4CB430064936B /* main.m */; };
		8E946A2C1DE4CB430064936B /* AppDelegate.m in Sources */ = {isa = PBXBuildFile; fileRef = 8E946A2B1DE4CB430064936B /* AppDelegate.m */; };
		8E946A2F1DE4CB430064936B /* ViewController.m in Sources */ = {isa = PBXBuildFile; fileRef = 8E946A2E1DE4CB430064936B /* ViewController.m */; };
		8E946A321DE4CB430064936B /* Main.storyboard in Resources */ = {isa = PBXBuildFile; fileRef = 8E946A301DE4CB430064936B /* Main.storyboard */; };
		8E946A341DE4CB440064936B /* Assets.xcassets in Resources */ = {isa = PBXBuildFile; fileRef = 8E946A331DE4CB440064936B /* Assets.xcassets */; };
		8E946A371DE4CB440064936B /* LaunchScreen.storyboard in Resources */ = {isa = PBXBuildFile; fileRef = 8E946A351DE4CB440064936B /* LaunchScreen.storyboard */; };
		8E946A421DE4CB440064936B /* XDRandomDemoTests.m in Sources */ = {isa = PBXBuildFile; fileRef = 8E946A411DE4CB440064936B /* XDRandomDemoTests.m */; };
		8E946A4D1DE4CB440064936B /* XDRandomDemoUITests.m in Sources */ = {isa = PBXBuildFile; fileRef = 8E946A4C1DE4CB440064936B /* XDRandomDemoUITests.m */; };
		8E946A5D1DE4CC110064936B /* XDRandomCutNumber.m in Sources */ = {isa = PBXBuildFile; fileRef = 8E946A5C1DE4CC110064936B /* XDRandomCutNumber.m */; };
/* End PBXBuildFile section */

/* Begin PBXContainerItemProxy section */
		8E946A3E1DE4CB440064936B /* PBXContainerItemProxy */ = {
			isa = PBXContainerItemProxy;
			containerPortal = 8E946A1C1DE4CB430064936B /* Project object */;
			proxyType = 1;
			remoteGlobalIDString = 8E946A231DE4CB430064936B;
			remoteInfo = XDRandomDemo;
		};
		8E946A491DE4CB440064936B /* PBXContainerItemProxy */ = {
			isa = PBXContainerItemProxy;
			containerPortal = 8E946A1C1DE4CB430064936B /* Project object */;
			proxyType = 1;
			remoteGlobalIDString = 8E946A231DE4CB430064936B;
			remoteInfo = XDRandomDemo;
		};
/* End PBXContainerItemProxy section */

/* Begin PBXFileReference section */
		8E946A241DE4CB430064936B /* XDRandomDemo.app */ = {isa = PBXFileReference; explicitFileType = wrapper.application; includeInIndex = 0; path = XDRandomDemo.app; sourceTree = BUILT_PRODUCTS_DIR; };
		8E946A281DE4CB430064936B /* main.m */ = {isa = PBXFileReference; lastKnownFileType = sourcecode.c.objc; path = main.m; sourceTree = "<group>"; };
		8E946A2A1DE4CB430064936B /* AppDelegate.h */ = {isa = PBXFileReference; lastKnownFileType = sourcecode.c.h; path = AppDelegate.h; sourceTree = "<group>"; };
		8E946A2B1DE4CB430064936B /* AppDelegate.m */ = {isa = PBXFileReference; lastKnownFileType = sourcecode.c.objc; path = AppDelegate.m; sourceTree = "<group>"; };
		8E946A2D1DE4CB430064936B /* ViewController.h */ = {isa = PBXFileReference; lastKnownFileType = sourcecode.c.h; path = ViewController.h; sourceTree = "<group>"; };
		8E946A2E1DE4CB430064936B /* ViewController.m */ = {isa = PBXFileReference; lastKnownFileType = sourcecode.c.objc; path = ViewController.m; sourceTree = "<group>"; };
		8E946A311DE4CB430064936B /* Base */ = {isa = PBXFileReference; lastKnownFileType = file.storyboard; name = Base; path = Base.lproj/Main.storyboard; sourceTree = "<group>"; };
		8E946A331DE4CB440064936B /* Assets.xcassets */ = {isa = PBXFileReference; lastKnownFileType = folder.assetcatalog; path = Assets.xcassets; sourceTree = "<group>"; };
		8E946A361DE4CB440064936B /* Base */ = {isa = PBXFileReference; lastKnownFileType = file.storyboard; name = Base; path = Base.lproj/LaunchScreen.storyboard; sourceTree = "<group>"; };
		8E946A381DE4CB440064936B /* Info.plist */ = {isa = PBXFileReference; lastKnownFileType = text.plist.xml; path = Info.plist; sourceTree = "<group>"; };
		8E946A3D1DE4CB440064936B /* XDRandomDemoTests.xctest */ = {isa = PBXFileReference; explicitFileType = wrapper.cfbundle; includeInIndex = 0; path = XDRandomDemoTests.xctest; sourceTree = BUILT_PRODUCTS_DIR; };
		8E946A411DE4CB440064936B /* XDRandomDemoTests.m */ = {isa = PBXFileReference; lastKnownFileType = sourcecode.c.objc; path = XDRandomDemoTests.m; sourceTree = "<group>"; };
		8E946A431DE4CB440064936B /* Info.plist */ = {isa = PBXFileReference; lastKnownFileType = text.plist.xml; path = Info.plist; sourceTree = "<group>"; };
		8E946A481DE4CB440064936B /* XDRandomDemoUITests.xctest */ = {isa = PBXFileReference; explicitFileType = wrapper.cfbundle; includeInIndex = 0; path = XDRandomDemoUITests.xctest; sourceTree = BUILT_PRODUCTS_DIR; };
		8E946A4C1DE4CB440064936B /* XDRandomDemoUITests.m */ = {isa = PBXFileReference; lastKnownFileType = sourcecode.c.objc; path = XDRandomDemoUITests.m; sourceTree = "<group>"; };
		8E946A4E1DE4CB440064936B /* Info.plist */ = {isa = PBXFileReference; lastKnownFileType = text.plist.xml; path = Info.plist; sourceTree = "<group>"; };
		8E946A5B1DE4CC110064936B /* XDRandomCutNumber.h */ = {isa = PBXFileReference; fileEncoding = 4; lastKnownFileType = sourcecode.c.h; name = XDRandomCutNumber.h; path = XDRandomCutNumber/XDRandomCutNumber.h; sourceTree = SOURCE_ROOT; };
		8E946A5C1DE4CC110064936B /* XDRandomCutNumber.m */ = {isa = PBXFileReference; fileEncoding = 4; lastKnownFileType = sourcecode.c.objc; name = XDRandomCutNumber.m; path = XDRandomCutNumber/XDRandomCutNumber.m; sourceTree = SOURCE_ROOT; };
/* End PBXFileReference section */

/* Begin PBXFrameworksBuildPhase section */
		8E946A211DE4CB430064936B /* Frameworks */ = {
			isa = PBXFrameworksBuildPhase;
			buildActionMask = 2147483647;
			files = (
			);
			runOnlyForDeploymentPostprocessing = 0;
		};
		8E946A3A1DE4CB440064936B /* Frameworks */ = {
			isa = PBXFrameworksBuildPhase;
			buildActionMask = 2147483647;
			files = (
			);
			runOnlyForDeploymentPostprocessing = 0;
		};
		8E946A451DE4CB440064936B /* Frameworks */ = {
			isa = PBXFrameworksBuildPhase;
			buildActionMask = 2147483647;
			files = (
			);
			runOnlyForDeploymentPostprocessing = 0;
		};
/* End PBXFrameworksBuildPhase section */

/* Begin PBXGroup section */
		8E946A1B1DE4CB430064936B = {
			isa = PBXGroup;
			children = (
				8E946A261DE4CB430064936B /* XDRandomDemo */,
				8E946A401DE4CB440064936B /* XDRandomDemoTests */,
				8E946A4B1DE4CB440064936B /* XDRandomDemoUITests */,
				8E946A251DE4CB430064936B /* Products */,
			);
			sourceTree = "<group>";
		};
		8E946A251DE4CB430064936B /* Products */ = {
			isa = PBXGroup;
			children = (
				8E946A241DE4CB430064936B /* XDRandomDemo.app */,
				8E946A3D1DE4CB440064936B /* XDRandomDemoTests.xctest */,
				8E946A481DE4CB440064936B /* XDRandomDemoUITests.xctest */,
			);
			name = Products;
			sourceTree = "<group>";
		};
		8E946A261DE4CB430064936B /* XDRandomDemo */ = {
			isa = PBXGroup;
			children = (
				8E946A2A1DE4CB430064936B /* AppDelegate.h */,
				8E946A2B1DE4CB430064936B /* AppDelegate.m */,
				8E946A2D1DE4CB430064936B /* ViewController.h */,
				8E946A2E1DE4CB430064936B /* ViewController.m */,
				8E946A5A1DE4CBED0064936B /* XDRandomCutNumber */,
				8E946A271DE4CB430064936B /* Supporting Files */,
			);
			path = XDRandomDemo;
			sourceTree = "<group>";
		};
		8E946A271DE4CB430064936B /* Supporting Files */ = {
			isa = PBXGroup;
			children = (
				8E946A301DE4CB430064936B /* Main.storyboard */,
				8E946A331DE4CB440064936B /* Assets.xcassets */,
				8E946A351DE4CB440064936B /* LaunchScreen.storyboard */,
				8E946A381DE4CB440064936B /* Info.plist */,
				8E946A281DE4CB430064936B /* main.m */,
			);
			name = "Supporting Files";
			sourceTree = "<group>";
		};
		8E946A401DE4CB440064936B /* XDRandomDemoTests */ = {
			isa = PBXGroup;
			children = (
				8E946A411DE4CB440064936B /* XDRandomDemoTests.m */,
				8E946A431DE4CB440064936B /* Info.plist */,
			);
			path = XDRandomDemoTests;
			sourceTree = "<group>";
		};
		8E946A4B1DE4CB440064936B /* XDRandomDemoUITests */ = {
			isa = PBXGroup;
			children = (
				8E946A4C1DE4CB440064936B /* XDRandomDemoUITests.m */,
				8E946A4E1DE4CB440064936B /* Info.plist */,
			);
			path = XDRandomDemoUITests;
			sourceTree = "<group>";
		};
		8E946A5A1DE4CBED0064936B /* XDRandomCutNumber */ = {
			isa = PBXGroup;
			children = (
				8E946A5B1DE4CC110064936B /* XDRandomCutNumber.h */,
				8E946A5C1DE4CC110064936B /* XDRandomCutNumber.m */,
			);
			name = XDRandomCutNumber;
			sourceTree = "<group>";
		};
/* End PBXGroup section */

/* Begin PBXNativeTarget section */
		8E946A231DE4CB430064936B /* XDRandomDemo */ = {
			isa = PBXNativeTarget;
			buildConfigurationList = 8E946A511DE4CB440064936B /* Build configuration list for PBXNativeTarget "XDRandomDemo" */;
			buildPhases = (
				8E946A201DE4CB430064936B /* Sources */,
				8E946A211DE4CB430064936B /* Frameworks */,
				8E946A221DE4CB430064936B /* Resources */,
			);
			buildRules = (
			);
			dependencies = (
			);
			name = XDRandomDemo;
			productName = XDRandomDemo;
			productReference = 8E946A241DE4CB430064936B /* XDRandomDemo.app */;
			productType = "com.apple.product-type.application";
		};
		8E946A3C1DE4CB440064936B /* XDRandomDemoTests */ = {
			isa = PBXNativeTarget;
			buildConfigurationList = 8E946A541DE4CB440064936B /* Build configuration list for PBXNativeTarget "XDRandomDemoTests" */;
			buildPhases = (
				8E946A391DE4CB440064936B /* Sources */,
				8E946A3A1DE4CB440064936B /* Frameworks */,
				8E946A3B1DE4CB440064936B /* Resources */,
			);
			buildRules = (
			);
			dependencies = (
				8E946A3F1DE4CB440064936B /* PBXTargetDependency */,
			);
			name = XDRandomDemoTests;
			productName = XDRandomDemoTests;
			productReference = 8E946A3D1DE4CB440064936B /* XDRandomDemoTests.xctest */;
			productType = "com.apple.product-type.bundle.unit-test";
		};
		8E946A471DE4CB440064936B /* XDRandomDemoUITests */ = {
			isa = PBXNativeTarget;
			buildConfigurationList = 8E946A571DE4CB440064936B /* Build configuration list for PBXNativeTarget "XDRandomDemoUITests" */;
			buildPhases = (
				8E946A441DE4CB440064936B /* Sources */,
				8E946A451DE4CB440064936B /* Frameworks */,
				8E946A461DE4CB440064936B /* Resources */,
			);
			buildRules = (
			);
			dependencies = (
				8E946A4A1DE4CB440064936B /* PBXTargetDependency */,
			);
			name = XDRandomDemoUITests;
			productName = XDRandomDemoUITests;
			productReference = 8E946A481DE4CB440064936B /* XDRandomDemoUITests.xctest */;
			productType = "com.apple.product-type.bundle.ui-testing";
		};
/* End PBXNativeTarget section */

/* Begin PBXProject section */
		8E946A1C1DE4CB430064936B /* Project object */ = {
			isa = PBXProject;
			attributes = {
				LastUpgradeCheck = 0810;
				ORGANIZATIONNAME = "谢兴达";
				TargetAttributes = {
					8E946A231DE4CB430064936B = {
						CreatedOnToolsVersion = 8.1;
						ProvisioningStyle = Automatic;
					};
					8E946A3C1DE4CB440064936B = {
						CreatedOnToolsVersion = 8.1;
						ProvisioningStyle = Automatic;
						TestTargetID = 8E946A231DE4CB430064936B;
					};
					8E946A471DE4CB440064936B = {
						CreatedOnToolsVersion = 8.1;
						ProvisioningStyle = Automatic;
						TestTargetID = 8E946A231DE4CB430064936B;
					};
				};
			};
			buildConfigurationList = 8E946A1F1DE4CB430064936B /* Build configuration list for PBXProject "XDRandomDemo" */;
			compatibilityVersion = "Xcode 3.2";
			developmentRegion = English;
			hasScannedForEncodings = 0;
			knownRegions = (
				en,
				Base,
			);
			mainGroup = 8E946A1B1DE4CB430064936B;
			productRefGroup = 8E946A251DE4CB430064936B /* Products */;
			projectDirPath = "";
			projectRoot = "";
			targets = (
				8E946A231DE4CB430064936B /* XDRandomDemo */,
				8E946A3C1DE4CB440064936B /* XDRandomDemoTests */,
				8E946A471DE4CB440064936B /* XDRandomDemoUITests */,
			);
		};
/* End PBXProject section */

/* Begin PBXResourcesBuildPhase section */
		8E946A221DE4CB430064936B /* Resources */ = {
			isa = PBXResourcesBuildPhase;
			buildActionMask = 2147483647;
			files = (
				8E946A371DE4CB440064936B /* LaunchScreen.storyboard in Resources */,
				8E946A341DE4CB440064936B /* Assets.xcassets in Resources */,
				8E946A321DE4CB430064936B /* Main.storyboard in Resources */,
			);
			runOnlyForDeploymentPostprocessing = 0;
		};
		8E946A3B1DE4CB440064936B /* Resources */ = {
			isa = PBXResourcesBuildPhase;
			buildActionMask = 2147483647;
			files = (
			);
			runOnlyForDeploymentPostprocessing = 0;
		};
		8E946A461DE4CB440064936B /* Resources */ = {
			isa = PBXResourcesBuildPhase;
			buildActionMask = 2147483647;
			files = (
			);
			runOnlyForDeploymentPostprocessing = 0;
		};
/* End PBXResourcesBuildPhase section */

/* Begin PBXSourcesBuildPhase section */
		8E946A201DE4CB430064936B /* Sources */ = {
			isa = PBXSourcesBuildPhase;
			buildActionMask = 2147483647;
			files = (
				8E946A5D1DE4CC110064936B /* XDRandomCutNumber.m in Sources */,
				8E946A2F1DE4CB430064936B /* ViewController.m in Sources */,
				8E946A2C1DE4CB430064936B /* AppDelegate.m in Sources */,
				8E946A291DE4CB430064936B /* main.m in Sources */,
			);
			runOnlyForDeploymentPostprocessing = 0;
		};
		8E946A391DE4CB440064936B /* Sources */ = {
			isa = PBXSourcesBuildPhase;
			buildActionMask = 2147483647;
			files = (
				8E946A421DE4CB440064936B /* XDRandomDemoTests.m in Sources */,
			);
			runOnlyForDeploymentPostprocessing = 0;
		};
		8E946A441DE4CB440064936B /* Sources */ = {
			isa = PBXSourcesBuildPhase;
			buildActionMask = 2147483647;
			files = (
				8E946A4D1DE4CB440064936B /* XDRandomDemoUITests.m in Sources */,
			);
			runOnlyForDeploymentPostprocessing = 0;
		};
/* End PBXSourcesBuildPhase section */

/* Begin PBXTargetDependency section */
		8E946A3F1DE4CB440064936B /* PBXTargetDependency */ = {
			isa = PBXTargetDependency;
			target = 8E946A231DE4CB430064936B /* XDRandomDemo */;
			targetProxy = 8E946A3E1DE4CB440064936B /* PBXContainerItemProxy */;
		};
		8E946A4A1DE4CB440064936B /* PBXTargetDependency */ = {
			isa = PBXTargetDependency;
			target = 8E946A231DE4CB430064936B /* XDRandomDemo */;
			targetProxy = 8E946A491DE4CB440064936B /* PBXContainerItemProxy */;
		};
/* End PBXTargetDependency section */

/* Begin PBXVariantGroup section */
		8E946A301DE4CB430064936B /* Main.storyboard */ = {
			isa = PBXVariantGroup;
			children = (
				8E946A311DE4CB430064936B /* Base */,
			);
			name = Main.storyboard;
			sourceTree = "<group>";
		};
		8E946A351DE4CB440064936B /* LaunchScreen.storyboard */ = {
			isa = PBXVariantGroup;
			children = (
				8E946A361DE4CB440064936B /* Base */,
			);
			name = LaunchScreen.storyboard;
			sourceTree = "<group>";
		};
/* End PBXVariantGroup section */

/* Begin XCBuildConfiguration section */
		8E946A4F1DE4CB440064936B /* Debug */ = {
			isa = XCBuildConfiguration;
			buildSettings = {
				ALWAYS_SEARCH_USER_PATHS = NO;
				CLANG_ANALYZER_NONNULL = YES;
				CLANG_CXX_LANGUAGE_STANDARD = "gnu++0x";
				CLANG_CXX_LIBRARY = "libc++";
				CLANG_ENABLE_MODULES = YES;
				CLANG_ENABLE_OBJC_ARC = YES;
				CLANG_WARN_BOOL_CONVERSION = YES;
				CLANG_WARN_CONSTANT_CONVERSION = YES;
				CLANG_WARN_DIRECT_OBJC_ISA_USAGE = YES_ERROR;
				CLANG_WARN_DOCUMENTATION_COMMENTS = YES;
				CLANG_WARN_EMPTY_BODY = YES;
				CLANG_WARN_ENUM_CONVERSION = YES;
				CLANG_WARN_INFINITE_RECURSION = YES;
				CLANG_WARN_INT_CONVERSION = YES;
				CLANG_WARN_OBJC_ROOT_CLASS = YES_ERROR;
				CLANG_WARN_SUSPICIOUS_MOVES = YES;
				CLANG_WARN_UNREACHABLE_CODE = YES;
				CLANG_WARN__DUPLICATE_METHOD_MATCH = YES;
				"CODE_SIGN_IDENTITY[sdk=iphoneos*]" = "iPhone Developer";
				COPY_PHASE_STRIP = NO;
				DEBUG_INFORMATION_FORMAT = dwarf;
				ENABLE_STRICT_OBJC_MSGSEND = YES;
				ENABLE_TESTABILITY = YES;
				GCC_C_LANGUAGE_STANDARD = gnu99;
				GCC_DYNAMIC_NO_PIC = NO;
				GCC_NO_COMMON_BLOCKS = YES;
				GCC_OPTIMIZATION_LEVEL = 0;
				GCC_PREPROCESSOR_DEFINITIONS = (
					"DEBUG=1",
					"$(inherited)",
				);
				GCC_WARN_64_TO_32_BIT_CONVERSION = YES;
				GCC_WARN_ABOUT_RETURN_TYPE = YES_ERROR;
				GCC_WARN_UNDECLARED_SELECTOR = YES;
				GCC_WARN_UNINITIALIZED_AUTOS = YES_AGGRESSIVE;
				GCC_WARN_UNUSED_FUNCTION = YES;
				GCC_WARN_UNUSED_VARIABLE = YES;
				IPHONEOS_DEPLOYMENT_TARGET = 10.1;
				MTL_ENABLE_DEBUG_INFO = YES;
				ONLY_ACTIVE_ARCH = YES;
				SDKROOT = iphoneos;
				TARGETED_DEVICE_FAMILY = "1,2";
			};
			name = Debug;
		};
		8E946A501DE4CB440064936B /* Release */ = {
			isa = XCBuildConfiguration;
			buildSettings = {
				ALWAYS_SEARCH_USER_PATHS = NO;
				CLANG_ANALYZER_NONNULL = YES;
				CLANG_CXX_LANGUAGE_STANDARD = "gnu++0x";
				CLANG_CXX_LIBRARY = "libc++";
				CLANG_ENABLE_MODULES = YES;
				CLANG_ENABLE_OBJC_ARC = YES;
				CLANG_WARN_BOOL_CONVERSION = YES;
				CLANG_WARN_CONSTANT_CONVERSION = YES;
				CLANG_WARN_DIRECT_OBJC_ISA_USAGE = YES_ERROR;
				CLANG_WARN_DOCUMENTATION_COMMENTS = YES;
				CLANG_WARN_EMPTY_BODY = YES;
				CLANG_WARN_ENUM_CONVERSION = YES;
				CLANG_WARN_INFINITE_RECURSION = YES;
				CLANG_WARN_INT_CONVERSION = YES;
				CLANG_WARN_OBJC_ROOT_CLASS = YES_ERROR;
				CLANG_WARN_SUSPICIOUS_MOVES = YES;
				CLANG_WARN_UNREACHABLE_CODE = YES;
				CLANG_WARN__DUPLICATE_METHOD_MATCH = YES;
				"CODE_SIGN_IDENTITY[sdk=iphoneos*]" = "iPhone Developer";
				COPY_PHASE_STRIP = NO;
				DEBUG_INFORMATION_FORMAT = "dwarf-with-dsym";
				ENABLE_NS_ASSERTIONS = NO;
				ENABLE_STRICT_OBJC_MSGSEND = YES;
				GCC_C_LANGUAGE_STANDARD = gnu99;
				GCC_NO_COMMON_BLOCKS = YES;
				GCC_WARN_64_TO_32_BIT_CONVERSION = YES;
				GCC_WARN_ABOUT_RETURN_TYPE = YES_ERROR;
				GCC_WARN_UNDECLARED_SELECTOR = YES;
				GCC_WARN_UNINITIALIZED_AUTOS = YES_AGGRESSIVE;
				GCC_WARN_UNUSED_FUNCTION = YES;
				GCC_WARN_UNUSED_VARIABLE = YES;
				IPHONEOS_DEPLOYMENT_TARGET = 10.1;
				MTL_ENABLE_DEBUG_INFO = NO;
				SDKROOT = iphoneos;
				TARGETED_DEVICE_FAMILY = "1,2";
				VALIDATE_PRODUCT = YES;
			};
			name = Release;
		};
		8E946A521DE4CB440064936B /* Debug */ = {
			isa = XCBuildConfiguration;
			buildSettings = {
				ASSETCATALOG_COMPILER_APPICON_NAME = AppIcon;
				INFOPLIST_FILE = XDRandomDemo/Info.plist;
				LD_RUNPATH_SEARCH_PATHS = "$(inherited) @executable_path/Frameworks";
				PRODUCT_BUNDLE_IDENTIFIER = xxd.XDRandomDemo;
				PRODUCT_NAME = "$(TARGET_NAME)";
			};
			name = Debug;
		};
		8E946A531DE4CB440064936B /* Release */ = {
			isa = XCBuildConfiguration;
			buildSettings = {
				ASSETCATALOG_COMPILER_APPICON_NAME = AppIcon;
				INFOPLIST_FILE = XDRandomDemo/Info.plist;
				LD_RUNPATH_SEARCH_PATHS = "$(inherited) @executable_path/Frameworks";
				PRODUCT_BUNDLE_IDENTIFIER = xxd.XDRandomDemo;
				PRODUCT_NAME = "$(TARGET_NAME)";
			};
			name = Release;
		};
		8E946A551DE4CB440064936B /* Debug */ = {
			isa = XCBuildConfiguration;
			buildSettings = {
				BUNDLE_LOADER = "$(TEST_HOST)";
				INFOPLIST_FILE = XDRandomDemoTests/Info.plist;
				LD_RUNPATH_SEARCH_PATHS = "$(inherited) @executable_path/Frameworks @loader_path/Frameworks";
				PRODUCT_BUNDLE_IDENTIFIER = xxd.XDRandomDemoTests;
				PRODUCT_NAME = "$(TARGET_NAME)";
				TEST_HOST = "$(BUILT_PRODUCTS_DIR)/XDRandomDemo.app/XDRandomDemo";
			};
			name = Debug;
		};
		8E946A561DE4CB440064936B /* Release */ = {
			isa = XCBuildConfiguration;
			buildSettings = {
				BUNDLE_LOADER = "$(TEST_HOST)";
				INFOPLIST_FILE = XDRandomDemoTests/Info.plist;
				LD_RUNPATH_SEARCH_PATHS = "$(inherited) @executable_path/Frameworks @loader_path/Frameworks";
				PRODUCT_BUNDLE_IDENTIFIER = xxd.XDRandomDemoTests;
				PRODUCT_NAME = "$(TARGET_NAME)";
				TEST_HOST = "$(BUILT_PRODUCTS_DIR)/XDRandomDemo.app/XDRandomDemo";
			};
			name = Release;
		};
		8E946A581DE4CB440064936B /* Debug */ = {
			isa = XCBuildConfiguration;
			buildSettings = {
				INFOPLIST_FILE = XDRandomDemoUITests/Info.plist;
				LD_RUNPATH_SEARCH_PATHS = "$(inherited) @executable_path/Frameworks @loader_path/Frameworks";
				PRODUCT_BUNDLE_IDENTIFIER = xxd.XDRandomDemoUITests;
				PRODUCT_NAME = "$(TARGET_NAME)";
				TEST_TARGET_NAME = XDRandomDemo;
			};
			name = Debug;
		};
		8E946A591DE4CB440064936B /* Release */ = {
			isa = XCBuildConfiguration;
			buildSettings = {
				INFOPLIST_FILE = XDRandomDemoUITests/Info.plist;
				LD_RUNPATH_SEARCH_PATHS = "$(inherited) @executable_path/Frameworks @loader_path/Frameworks";
				PRODUCT_BUNDLE_IDENTIFIER = xxd.XDRandomDemoUITests;
				PRODUCT_NAME = "$(TARGET_NAME)";
				TEST_TARGET_NAME = XDRandomDemo;
			};
			name = Release;
		};
/* End XCBuildConfiguration section */

/* Begin XCConfigurationList section */
		8E946A1F1DE4CB430064936B /* Build configuration list for PBXProject "XDRandomDemo" */ = {
			isa = XCConfigurationList;
			buildConfigurations = (
				8E946A4F1DE4CB440064936B /* Debug */,
				8E946A501DE4CB440064936B /* Release */,
			);
			defaultConfigurationIsVisible = 0;
			defaultConfigurationName = Release;
		};
		8E946A511DE4CB440064936B /* Build configuration list for PBXNativeTarget "XDRandomDemo" */ = {
			isa = XCConfigurationList;
			buildConfigurations = (
				8E946A521DE4CB440064936B /* Debug */,
				8E946A531DE4CB440064936B /* Release */,
			);
			defaultConfigurationIsVisible = 0;
			defaultConfigurationName = Release;
		};
		8E946A541DE4CB440064936B /* Build configuration list for PBXNativeTarget "XDRandomDemoTests" */ = {
			isa = XCConfigurationList;
			buildConfigurations = (
				8E946A551DE4CB440064936B /* Debug */,
				8E946A561DE4CB440064936B /* Release */,
			);
			defaultConfigurationIsVisible = 0;
			defaultConfigurationName = Release;
		};
		8E946A571DE4CB440064936B /* Build configuration list for PBXNativeTarget "XDRandomDemoUITests" */ = {
			isa = XCConfigurationList;
			buildConfigurations = (
				8E946A581DE4CB440064936B /* Debug */,
				8E946A591DE4CB440064936B /* Release */,
			);
			defaultConfigurationIsVisible = 0;
			defaultConfigurationName = Release;
		};
/* End XCConfigurationList section */
	};
	rootObject = 8E946A1C1DE4CB430064936B /* Project object */;
}
